
Microsoft Visual Studio Solution File, Format Version 12.00
# Visual Studio Version 16
VisualStudioVersion = 16.0.31424.327
MinimumVisualStudioVersion = 10.0.40219.1
Project("{FAE04EC0-301F-11D3-BF4B-00C04F79EFBC}") = "Arena", "Arena\Arena.csproj", "{FF6319E2-0DCD-4D7E-9E58-0DAB798C299E}"
EndProject
Global
	GlobalSection(SolutionConfigurationPlatforms) = preSolution
		Debug|Any CPU = Debug|Any CPU
		Release|Any CPU = Release|Any CPU
	EndGlobalSection
	GlobalSection(ProjectConfigurationPlatforms) = postSolution
		{FF6319E2-0DCD-4D7E-9E58-0DAB798C299E}.Debug|Any CPU.ActiveCfg = Debug|Any CPU
		{FF6319E2-0DCD-4D7E-9E58-0DAB798C299E}.Debug|Any CPU.Build.0 = Debug|Any CPU
		{FF6319E2-0DCD-4D7E-9E58-0DAB798C299E}.Release|Any CPU.ActiveCfg = Release|Any CPU
		{FF6319E2-0DCD-4D7E-9E58-0DAB798C299E}.Release|Any CPU.Build.0 = Release|Any CPU
	EndGlobalSection
	GlobalSection(SolutionProperties) = preSolution
		HideSolutionNode = FALSE
	EndGlobalSection
	GlobalSection(ExtensibilityGlobals) = postSolution
		SolutionGuid = {CED0BEF8-FF2F-47F3-9F55-B59F8C6F13CC}
	EndGlobalSection
EndGlobal
